// !$*UTF8*$!
{
	archiveVersion = 1;
	classes = {
	};
	objectVersion = 48;
	objects = {

/* Begin PBXBuildFile section */
		5209DC2820C5235C00D6D257 /* AppDelegate.swift in Sources */ = {isa = PBXBuildFile; fileRef = 5209DC2720C5235C00D6D257 /* AppDelegate.swift */; };
		5209DC2A20C5235C00D6D257 /* ViewController.swift in Sources */ = {isa = PBXBuildFile; fileRef = 5209DC2920C5235C00D6D257 /* ViewController.swift */; };
		5209DC2D20C5235C00D6D257 /* Main.storyboard in Resources */ = {isa = PBXBuildFile; fileRef = 5209DC2B20C5235C00D6D257 /* Main.storyboard */; };
		5209DC2F20C5235C00D6D257 /* Assets.xcassets in Resources */ = {isa = PBXBuildFile; fileRef = 5209DC2E20C5235C00D6D257 /* Assets.xcassets */; };
		5209DC3220C5235C00D6D257 /* LaunchScreen.storyboard in Resources */ = {isa = PBXBuildFile; fileRef = 5209DC3020C5235C00D6D257 /* LaunchScreen.storyboard */; };
		5209DC3B20CA907000D6D257 /* weather.json in Resources */ = {isa = PBXBuildFile; fileRef = 5209DC3A20CA86DB00D6D257 /* weather.json */; };
		5209DC3F20CB188600D6D257 /* WeatherModel.swift in Sources */ = {isa = PBXBuildFile; fileRef = 5209DC3E20CB188600D6D257 /* WeatherModel.swift */; };
		5209DC4020CEEC9400D6D257 /* SwiftyJSON.framework in Frameworks */ = {isa = PBXBuildFile; fileRef = 5209DC4120CEEC9400D6D257 /* SwiftyJSON.framework */; };
		520ADC3D20EF4C9A00940E0F /* Localizable.strings in Resources */ = {isa = PBXBuildFile; fileRef = 520ADC3F20EF4C9A00940E0F /* Localizable.strings */; };
		520ADC4220EF710200940E0F /* Extensions.swift in Sources */ = {isa = PBXBuildFile; fileRef = 520ADC4120EF710200940E0F /* Extensions.swift */; };
		520ADC4620F1397300940E0F /* Clear.png in Resources */ = {isa = PBXBuildFile; fileRef = 520ADC4320F1397200940E0F /* Clear.png */; };
		520ADC4720F1397300940E0F /* Cloud.png in Resources */ = {isa = PBXBuildFile; fileRef = 520ADC4420F1397200940E0F /* Cloud.png */; };
		520ADC4820F1397300940E0F /* Rain.png in Resources */ = {isa = PBXBuildFile; fileRef = 520ADC4520F1397300940E0F /* Rain.png */; };
		520ADC4A20F13BB000940E0F /* warning.png in Resources */ = {isa = PBXBuildFile; fileRef = 520ADC4920F13BB000940E0F /* warning.png */; };
		52E71FC420DBBF6100C53C8D /* SWRevealViewController.m in Sources */ = {isa = PBXBuildFile; fileRef = 52E71FC220DBBF6100C53C8D /* SWRevealViewController.m */; };
		52E71FC620DCD18C00C53C8D /* SideBarVC.swift in Sources */ = {isa = PBXBuildFile; fileRef = 52E71FC520DCD18C00C53C8D /* SideBarVC.swift */; };
		52E71FC820DF7AFA00C53C8D /* SecondTaskVC.swift in Sources */ = {isa = PBXBuildFile; fileRef = 52E71FC720DF7AFA00C53C8D /* SecondTaskVC.swift */; };
		52E71FCC20DF90D600C53C8D /* WeatherModelDecodable.swift in Sources */ = {isa = PBXBuildFile; fileRef = 52E71FCB20DF90D600C53C8D /* WeatherModelDecodable.swift */; };
		52E71FCD20DF948200C53C8D /* Alamofire.framework in Frameworks */ = {isa = PBXBuildFile; fileRef = 52E71FCE20DF948200C53C8D /* Alamofire.framework */; };
		52E71FD220E562D800C53C8D /* WeatherCollectionViewCell.swift in Sources */ = {isa = PBXBuildFile; fileRef = 52E71FD120E562D700C53C8D /* WeatherCollectionViewCell.swift */; };
		6E07DC0BD98E943029EB3A2D /* Pods_iOSSecondTask.framework in Frameworks */ = {isa = PBXBuildFile; fileRef = 4511D66776B7FB80B046C5D3 /* Pods_iOSSecondTask.framework */; };
/* End PBXBuildFile section */

/* Begin PBXFileReference section */
		325D6D6C743DFB419EC6C191 /* Pods-iOSSecondTask.release.xcconfig */ = {isa = PBXFileReference; includeInIndex = 1; lastKnownFileType = text.xcconfig; name = "Pods-iOSSecondTask.release.xcconfig"; path = "Pods/Target Support Files/Pods-iOSSecondTask/Pods-iOSSecondTask.release.xcconfig"; sourceTree = "<group>"; };
		4511D66776B7FB80B046C5D3 /* Pods_iOSSecondTask.framework */ = {isa = PBXFileReference; explicitFileType = wrapper.framework; includeInIndex = 0; path = Pods_iOSSecondTask.framework; sourceTree = BUILT_PRODUCTS_DIR; };
		5209DC2420C5235C00D6D257 /* iOSSecondTask.app */ = {isa = PBXFileReference; explicitFileType = wrapper.application; includeInIndex = 0; path = iOSSecondTask.app; sourceTree = BUILT_PRODUCTS_DIR; };
		5209DC2720C5235C00D6D257 /* AppDelegate.swift */ = {isa = PBXFileReference; lastKnownFileType = sourcecode.swift; path = AppDelegate.swift; sourceTree = "<group>"; };
		5209DC2920C5235C00D6D257 /* ViewController.swift */ = {isa = PBXFileReference; lastKnownFileType = sourcecode.swift; path = ViewController.swift; sourceTree = "<group>"; };
		5209DC2C20C5235C00D6D257 /* Base */ = {isa = PBXFileReference; lastKnownFileType = file.storyboard; name = Base; path = Base.lproj/Main.storyboard; sourceTree = "<group>"; };
		5209DC2E20C5235C00D6D257 /* Assets.xcassets */ = {isa = PBXFileReference; lastKnownFileType = folder.assetcatalog; path = Assets.xcassets; sourceTree = "<group>"; };
		5209DC3120C5235C00D6D257 /* Base */ = {isa = PBXFileReference; lastKnownFileType = file.storyboard; name = Base; path = Base.lproj/LaunchScreen.storyboard; sourceTree = "<group>"; };
		5209DC3320C5235C00D6D257 /* Info.plist */ = {isa = PBXFileReference; lastKnownFileType = text.plist.xml; path = Info.plist; sourceTree = "<group>"; };
		5209DC3A20CA86DB00D6D257 /* weather.json */ = {isa = PBXFileReference; lastKnownFileType = text.json; path = weather.json; sourceTree = "<group>"; };
		5209DC3E20CB188600D6D257 /* WeatherModel.swift */ = {isa = PBXFileReference; lastKnownFileType = sourcecode.swift; path = WeatherModel.swift; sourceTree = "<group>"; };
		5209DC4120CEEC9400D6D257 /* SwiftyJSON.framework */ = {isa = PBXFileReference; explicitFileType = wrapper.framework; path = SwiftyJSON.framework; sourceTree = BUILT_PRODUCTS_DIR; };
		520ADC3720EF4C0700940E0F /* ru */ = {isa = PBXFileReference; lastKnownFileType = text.plist.strings; name = ru; path = ru.lproj/Main.strings; sourceTree = "<group>"; };
		520ADC3820EF4C0700940E0F /* ru */ = {isa = PBXFileReference; lastKnownFileType = text.plist.strings; name = ru; path = ru.lproj/LaunchScreen.strings; sourceTree = "<group>"; };
		520ADC3A20EF4C2C00940E0F /* en */ = {isa = PBXFileReference; lastKnownFileType = text.plist.strings; name = en; path = en.lproj/Main.strings; sourceTree = "<group>"; };
		520ADC4020EF4C9E00940E0F /* ru */ = {isa = PBXFileReference; lastKnownFileType = text.plist.strings; name = ru; path = ru.lproj/Localizable.strings; sourceTree = "<group>"; };
		520ADC4120EF710200940E0F /* Extensions.swift */ = {isa = PBXFileReference; lastKnownFileType = sourcecode.swift; path = Extensions.swift; sourceTree = "<group>"; };
		520ADC4320F1397200940E0F /* Clear.png */ = {isa = PBXFileReference; lastKnownFileType = image.png; path = Clear.png; sourceTree = "<group>"; };
		520ADC4420F1397200940E0F /* Cloud.png */ = {isa = PBXFileReference; lastKnownFileType = image.png; path = Cloud.png; sourceTree = "<group>"; };
		520ADC4520F1397300940E0F /* Rain.png */ = {isa = PBXFileReference; lastKnownFileType = image.png; path = Rain.png; sourceTree = "<group>"; };
		520ADC4920F13BB000940E0F /* warning.png */ = {isa = PBXFileReference; lastKnownFileType = image.png; path = warning.png; sourceTree = "<group>"; };
		52E71FC120DBBF6000C53C8D /* iOSSecondTask-Bridging-Header.h */ = {isa = PBXFileReference; lastKnownFileType = sourcecode.c.h; path = "iOSSecondTask-Bridging-Header.h"; sourceTree = "<group>"; };
		52E71FC220DBBF6100C53C8D /* SWRevealViewController.m */ = {isa = PBXFileReference; fileEncoding = 4; lastKnownFileType = sourcecode.c.objc; path = SWRevealViewController.m; sourceTree = "<group>"; };
		52E71FC320DBBF6100C53C8D /* SWRevealViewController.h */ = {isa = PBXFileReference; fileEncoding = 4; lastKnownFileType = sourcecode.c.h; path = SWRevealViewController.h; sourceTree = "<group>"; };
		52E71FC520DCD18C00C53C8D /* SideBarVC.swift */ = {isa = PBXFileReference; lastKnownFileType = sourcecode.swift; path = SideBarVC.swift; sourceTree = "<group>"; };
		52E71FC720DF7AFA00C53C8D /* SecondTaskVC.swift */ = {isa = PBXFileReference; lastKnownFileType = sourcecode.swift; path = SecondTaskVC.swift; sourceTree = "<group>"; };
		52E71FCB20DF90D600C53C8D /* WeatherModelDecodable.swift */ = {isa = PBXFileReference; lastKnownFileType = sourcecode.swift; name = WeatherModelDecodable.swift; path = "/Users/macbookpro/Desktop/iOS/Neobis Study Plan/iOSSecondTask/iOSSecondTask/WeatherModelDecodable.swift"; sourceTree = "<absolute>"; };
		52E71FCE20DF948200C53C8D /* Alamofire.framework */ = {isa = PBXFileReference; explicitFileType = wrapper.framework; path = Alamofire.framework; sourceTree = BUILT_PRODUCTS_DIR; };
		52E71FD120E562D700C53C8D /* WeatherCollectionViewCell.swift */ = {isa = PBXFileReference; lastKnownFileType = sourcecode.swift; path = WeatherCollectionViewCell.swift; sourceTree = "<group>"; };
		C0C12C975ADAF73924DEFE7D /* Pods-iOSSecondTask.debug.xcconfig */ = {isa = PBXFileReference; includeInIndex = 1; lastKnownFileType = text.xcconfig; name = "Pods-iOSSecondTask.debug.xcconfig"; path = "Pods/Target Support Files/Pods-iOSSecondTask/Pods-iOSSecondTask.debug.xcconfig"; sourceTree = "<group>"; };
/* End PBXFileReference section */

/* Begin PBXFrameworksBuildPhase section */
		5209DC2120C5235C00D6D257 /* Frameworks */ = {
			isa = PBXFrameworksBuildPhase;
			buildActionMask = 2147483647;
			files = (
				52E71FCD20DF948200C53C8D /* Alamofire.framework in Frameworks */,
				5209DC4020CEEC9400D6D257 /* SwiftyJSON.framework in Frameworks */,
				6E07DC0BD98E943029EB3A2D /* Pods_iOSSecondTask.framework in Frameworks */,
			);
			runOnlyForDeploymentPostprocessing = 0;
		};
/* End PBXFrameworksBuildPhase section */

/* Begin PBXGroup section */
		0AEAD22E40AF8D56B00CE24F /* Pods */ = {
			isa = PBXGroup;
			children = (
				C0C12C975ADAF73924DEFE7D /* Pods-iOSSecondTask.debug.xcconfig */,
				325D6D6C743DFB419EC6C191 /* Pods-iOSSecondTask.release.xcconfig */,
			);
			name = Pods;
			sourceTree = "<group>";
		};
		5209DC1B20C5235C00D6D257 = {
			isa = PBXGroup;
			children = (
				5209DC2620C5235C00D6D257 /* iOSSecondTask */,
				5209DC2520C5235C00D6D257 /* Products */,
				0AEAD22E40AF8D56B00CE24F /* Pods */,
				A7248DB3267A66F3C32CBC83 /* Frameworks */,
			);
			sourceTree = "<group>";
		};
		5209DC2520C5235C00D6D257 /* Products */ = {
			isa = PBXGroup;
			children = (
				5209DC2420C5235C00D6D257 /* iOSSecondTask.app */,
			);
			name = Products;
			sourceTree = "<group>";
		};
		5209DC2620C5235C00D6D257 /* iOSSecondTask */ = {
			isa = PBXGroup;
			children = (
				5209DC2720C5235C00D6D257 /* AppDelegate.swift */,
				5209DC2920C5235C00D6D257 /* ViewController.swift */,
				5209DC3E20CB188600D6D257 /* WeatherModel.swift */,
				52E71FC520DCD18C00C53C8D /* SideBarVC.swift */,
				52E71FC720DF7AFA00C53C8D /* SecondTaskVC.swift */,
				52E71FCB20DF90D600C53C8D /* WeatherModelDecodable.swift */,
				52E71FD120E562D700C53C8D /* WeatherCollectionViewCell.swift */,
				520ADC4120EF710200940E0F /* Extensions.swift */,
				520ADC3F20EF4C9A00940E0F /* Localizable.strings */,
				5209DC2B20C5235C00D6D257 /* Main.storyboard */,
				5209DC2E20C5235C00D6D257 /* Assets.xcassets */,
				5209DC3020C5235C00D6D257 /* LaunchScreen.storyboard */,
				52E71FC120DBBF6000C53C8D /* iOSSecondTask-Bridging-Header.h */,
				5209DC3A20CA86DB00D6D257 /* weather.json */,
				520ADC4520F1397300940E0F /* Rain.png */,
				520ADC4320F1397200940E0F /* Clear.png */,
				520ADC4420F1397200940E0F /* Cloud.png */,
				520ADC4920F13BB000940E0F /* warning.png */,
				52E71FC320DBBF6100C53C8D /* SWRevealViewController.h */,
				52E71FC220DBBF6100C53C8D /* SWRevealViewController.m */,
				5209DC3320C5235C00D6D257 /* Info.plist */,
			);
			path = iOSSecondTask;
			sourceTree = "<group>";
		};
		A7248DB3267A66F3C32CBC83 /* Frameworks */ = {
			isa = PBXGroup;
			children = (
				52E71FCE20DF948200C53C8D /* Alamofire.framework */,
				5209DC4120CEEC9400D6D257 /* SwiftyJSON.framework */,
				4511D66776B7FB80B046C5D3 /* Pods_iOSSecondTask.framework */,
			);
			name = Frameworks;
			sourceTree = "<group>";
		};
/* End PBXGroup section */

/* Begin PBXNativeTarget section */
		5209DC2320C5235C00D6D257 /* iOSSecondTask */ = {
			isa = PBXNativeTarget;
			buildConfigurationList = 5209DC3620C5235C00D6D257 /* Build configuration list for PBXNativeTarget "iOSSecondTask" */;
			buildPhases = (
				EA3B5B6C21C77266EB42BA9F /* [CP] Check Pods Manifest.lock */,
				5209DC2020C5235C00D6D257 /* Sources */,
				5209DC2120C5235C00D6D257 /* Frameworks */,
				5209DC2220C5235C00D6D257 /* Resources */,
				03DCB38A39A09FA05C379F0A /* [CP] Embed Pods Frameworks */,
			);
			buildRules = (
			);
			dependencies = (
			);
			name = iOSSecondTask;
			productName = iOSSecondTask;
			productReference = 5209DC2420C5235C00D6D257 /* iOSSecondTask.app */;
			productType = "com.apple.product-type.application";
		};
/* End PBXNativeTarget section */

/* Begin PBXProject section */
		5209DC1C20C5235C00D6D257 /* Project object */ = {
			isa = PBXProject;
			attributes = {
				LastSwiftUpdateCheck = 0900;
				LastUpgradeCheck = 0900;
				ORGANIZATIONNAME = "Islam & Co.";
				TargetAttributes = {
					5209DC2320C5235C00D6D257 = {
						CreatedOnToolsVersion = 9.0;
						LastSwiftMigration = 0910;
						ProvisioningStyle = Automatic;
					};
				};
			};
			buildConfigurationList = 5209DC1F20C5235C00D6D257 /* Build configuration list for PBXProject "iOSSecondTask" */;
			compatibilityVersion = "Xcode 8.0";
			developmentRegion = en;
			hasScannedForEncodings = 0;
			knownRegions = (
				en,
				Base,
				ru,
			);
			mainGroup = 5209DC1B20C5235C00D6D257;
			productRefGroup = 5209DC2520C5235C00D6D257 /* Products */;
			projectDirPath = "";
			projectRoot = "";
			targets = (
				5209DC2320C5235C00D6D257 /* iOSSecondTask */,
			);
		};
/* End PBXProject section */

/* Begin PBXResourcesBuildPhase section */
		5209DC2220C5235C00D6D257 /* Resources */ = {
			isa = PBXResourcesBuildPhase;
			buildActionMask = 2147483647;
			files = (
				520ADC4620F1397300940E0F /* Clear.png in Resources */,
				520ADC4720F1397300940E0F /* Cloud.png in Resources */,
				520ADC3D20EF4C9A00940E0F /* Localizable.strings in Resources */,
				5209DC3B20CA907000D6D257 /* weather.json in Resources */,
				5209DC3220C5235C00D6D257 /* LaunchScreen.storyboard in Resources */,
				520ADC4820F1397300940E0F /* Rain.png in Resources */,
				520ADC4A20F13BB000940E0F /* warning.png in Resources */,
				5209DC2F20C5235C00D6D257 /* Assets.xcassets in Resources */,
				5209DC2D20C5235C00D6D257 /* Main.storyboard in Resources */,
			);
			runOnlyForDeploymentPostprocessing = 0;
		};
/* End PBXResourcesBuildPhase section */

/* Begin PBXShellScriptBuildPhase section */
		03DCB38A39A09FA05C379F0A /* [CP] Embed Pods Frameworks */ = {
			isa = PBXShellScriptBuildPhase;
			buildActionMask = 2147483647;
			files = (
			);
			inputPaths = (
				"${SRCROOT}/Pods/Target Support Files/Pods-iOSSecondTask/Pods-iOSSecondTask-frameworks.sh",
				"${BUILT_PRODUCTS_DIR}/Alamofire/Alamofire.framework",
				"${BUILT_PRODUCTS_DIR}/SwiftyJSON/SwiftyJSON.framework",
			);
			name = "[CP] Embed Pods Frameworks";
			outputPaths = (
				"${TARGET_BUILD_DIR}/${FRAMEWORKS_FOLDER_PATH}/Alamofire.framework",
				"${TARGET_BUILD_DIR}/${FRAMEWORKS_FOLDER_PATH}/SwiftyJSON.framework",
			);
			runOnlyForDeploymentPostprocessing = 0;
			shellPath = /bin/sh;
			shellScript = "\"${SRCROOT}/Pods/Target Support Files/Pods-iOSSecondTask/Pods-iOSSecondTask-frameworks.sh\"\n";
			showEnvVarsInLog = 0;
		};
		EA3B5B6C21C77266EB42BA9F /* [CP] Check Pods Manifest.lock */ = {
			isa = PBXShellScriptBuildPhase;
			buildActionMask = 2147483647;
			files = (
			);
			inputPaths = (
				"${PODS_PODFILE_DIR_PATH}/Podfile.lock",
				"${PODS_ROOT}/Manifest.lock",
			);
			name = "[CP] Check Pods Manifest.lock";
			outputPaths = (
				"$(DERIVED_FILE_DIR)/Pods-iOSSecondTask-checkManifestLockResult.txt",
			);
			runOnlyForDeploymentPostprocessing = 0;
			shellPath = /bin/sh;
			shellScript = "diff \"${PODS_PODFILE_DIR_PATH}/Podfile.lock\" \"${PODS_ROOT}/Manifest.lock\" > /dev/null\nif [ $? != 0 ] ; then\n    # print error to STDERR\n    echo \"error: The sandbox is not in sync with the Podfile.lock. Run 'pod install' or update your CocoaPods installation.\" >&2\n    exit 1\nfi\n# This output is used by Xcode 'outputs' to avoid re-running this script phase.\necho \"SUCCESS\" > \"${SCRIPT_OUTPUT_FILE_0}\"\n";
			showEnvVarsInLog = 0;
		};
/* End PBXShellScriptBuildPhase section */

/* Begin PBXSourcesBuildPhase section */
		5209DC2020C5235C00D6D257 /* Sources */ = {
			isa = PBXSourcesBuildPhase;
			buildActionMask = 2147483647;
			files = (
				52E71FC820DF7AFA00C53C8D /* SecondTaskVC.swift in Sources */,
				520ADC4220EF710200940E0F /* Extensions.swift in Sources */,
				52E71FD220E562D800C53C8D /* WeatherCollectionViewCell.swift in Sources */,
				52E71FC620DCD18C00C53C8D /* SideBarVC.swift in Sources */,
				52E71FCC20DF90D600C53C8D /* WeatherModelDecodable.swift in Sources */,
				5209DC2A20C5235C00D6D257 /* ViewController.swift in Sources */,
				5209DC3F20CB188600D6D257 /* WeatherModel.swift in Sources */,
				5209DC2820C5235C00D6D257 /* AppDelegate.swift in Sources */,
				52E71FC420DBBF6100C53C8D /* SWRevealViewController.m in Sources */,
			);
			runOnlyForDeploymentPostprocessing = 0;
		};
/* End PBXSourcesBuildPhase section */

/* Begin PBXVariantGroup section */
		5209DC2B20C5235C00D6D257 /* Main.storyboard */ = {
			isa = PBXVariantGroup;
			children = (
				5209DC2C20C5235C00D6D257 /* Base */,
				520ADC3720EF4C0700940E0F /* ru */,
				520ADC3A20EF4C2C00940E0F /* en */,
			);
			name = Main.storyboard;
			sourceTree = "<group>";
		};
		5209DC3020C5235C00D6D257 /* LaunchScreen.storyboard */ = {
			isa = PBXVariantGroup;
			children = (
				5209DC3120C5235C00D6D257 /* Base */,
				520ADC3820EF4C0700940E0F /* ru */,
			);
			name = LaunchScreen.storyboard;
			sourceTree = "<group>";
		};
		520ADC3F20EF4C9A00940E0F /* Localizable.strings */ = {
			isa = PBXVariantGroup;
			children = (
				520ADC4020EF4C9E00940E0F /* ru */,
			);
			name = Localizable.strings;
			sourceTree = "<group>";
		};
/* End PBXVariantGroup section */

/* Begin XCBuildConfiguration section */
		5209DC3420C5235C00D6D257 /* Debug */ = {
			isa = XCBuildConfiguration;
			buildSettings = {
				ALWAYS_SEARCH_USER_PATHS = NO;
				CLANG_ANALYZER_LOCALIZABILITY_NONLOCALIZED = YES;
				CLANG_ANALYZER_NONNULL = YES;
				CLANG_ANALYZER_NUMBER_OBJECT_CONVERSION = YES_AGGRESSIVE;
				CLANG_CXX_LANGUAGE_STANDARD = "gnu++14";
				CLANG_CXX_LIBRARY = "libc++";
				CLANG_ENABLE_MODULES = YES;
				CLANG_ENABLE_OBJC_ARC = YES;
				CLANG_WARN_BLOCK_CAPTURE_AUTORELEASING = YES;
				CLANG_WARN_BOOL_CONVERSION = YES;
				CLANG_WARN_COMMA = YES;
				CLANG_WARN_CONSTANT_CONVERSION = YES;
				CLANG_WARN_DIRECT_OBJC_ISA_USAGE = YES_ERROR;
				CLANG_WARN_DOCUMENTATION_COMMENTS = YES;
				CLANG_WARN_EMPTY_BODY = YES;
				CLANG_WARN_ENUM_CONVERSION = YES;
				CLANG_WARN_INFINITE_RECURSION = YES;
				CLANG_WARN_INT_CONVERSION = YES;
				CLANG_WARN_NON_LITERAL_NULL_CONVERSION = YES;
				CLANG_WARN_OBJC_LITERAL_CONVERSION = YES;
				CLANG_WARN_OBJC_ROOT_CLASS = YES_ERROR;
				CLANG_WARN_RANGE_LOOP_ANALYSIS = YES;
				CLANG_WARN_STRICT_PROTOTYPES = YES;
				CLANG_WARN_SUSPICIOUS_MOVE = YES;
				CLANG_WARN_UNGUARDED_AVAILABILITY = YES_AGGRESSIVE;
				CLANG_WARN_UNREACHABLE_CODE = YES;
				CLANG_WARN__DUPLICATE_METHOD_MATCH = YES;
				CODE_SIGN_IDENTITY = "iPhone Developer";
				COPY_PHASE_STRIP = NO;
				DEBUG_INFORMATION_FORMAT = dwarf;
				ENABLE_STRICT_OBJC_MSGSEND = YES;
				ENABLE_TESTABILITY = YES;
				GCC_C_LANGUAGE_STANDARD = gnu11;
				GCC_DYNAMIC_NO_PIC = NO;
				GCC_NO_COMMON_BLOCKS = YES;
				GCC_OPTIMIZATION_LEVEL = 0;
				GCC_PREPROCESSOR_DEFINITIONS = (
					"DEBUG=1",
					"$(inherited)",
				);
				GCC_WARN_64_TO_32_BIT_CONVERSION = YES;
				GCC_WARN_ABOUT_RETURN_TYPE = YES_ERROR;
				GCC_WARN_UNDECLARED_SELECTOR = YES;
				GCC_WARN_UNINITIALIZED_AUTOS = YES_AGGRESSIVE;
				GCC_WARN_UNUSED_FUNCTION = YES;
				GCC_WARN_UNUSED_VARIABLE = YES;
				IPHONEOS_DEPLOYMENT_TARGET = 11.0;
				MTL_ENABLE_DEBUG_INFO = YES;
				ONLY_ACTIVE_ARCH = YES;
				SDKROOT = iphoneos;
				SWIFT_ACTIVE_COMPILATION_CONDITIONS = DEBUG;
				SWIFT_OPTIMIZATION_LEVEL = "-Onone";
			};
			name = Debug;
		};
		5209DC3520C5235C00D6D257 /* Release */ = {
			isa = XCBuildConfiguration;
			buildSettings = {
				ALWAYS_SEARCH_USER_PATHS = NO;
				CLANG_ANALYZER_LOCALIZABILITY_NONLOCALIZED = YES;
				CLANG_ANALYZER_NONNULL = YES;
				CLANG_ANALYZER_NUMBER_OBJECT_CONVERSION = YES_AGGRESSIVE;
				CLANG_CXX_LANGUAGE_STANDARD = "gnu++14";
				CLANG_CXX_LIBRARY = "libc++";
				CLANG_ENABLE_MODULES = YES;
				CLANG_ENABLE_OBJC_ARC = YES;
				CLANG_WARN_BLOCK_CAPTURE_AUTORELEASING = YES;
				CLANG_WARN_BOOL_CONVERSION = YES;
				CLANG_WARN_COMMA = YES;
				CLANG_WARN_CONSTANT_CONVERSION = YES;
				CLANG_WARN_DIRECT_OBJC_ISA_USAGE = YES_ERROR;
				CLANG_WARN_DOCUMENTATION_COMMENTS = YES;
				CLANG_WARN_EMPTY_BODY = YES;
				CLANG_WARN_ENUM_CONVERSION = YES;
				CLANG_WARN_INFINITE_RECURSION = YES;
				CLANG_WARN_INT_CONVERSION = YES;
				CLANG_WARN_NON_LITERAL_NULL_CONVERSION = YES;
				CLANG_WARN_OBJC_LITERAL_CONVERSION = YES;
				CLANG_WARN_OBJC_ROOT_CLASS = YES_ERROR;
				CLANG_WARN_RANGE_LOOP_ANALYSIS = YES;
				CLANG_WARN_STRICT_PROTOTYPES = YES;
				CLANG_WARN_SUSPICIOUS_MOVE = YES;
				CLANG_WARN_UNGUARDED_AVAILABILITY = YES_AGGRESSIVE;
				CLANG_WARN_UNREACHABLE_CODE = YES;
				CLANG_WARN__DUPLICATE_METHOD_MATCH = YES;
				CODE_SIGN_IDENTITY = "iPhone Developer";
				COPY_PHASE_STRIP = NO;
				DEBUG_INFORMATION_FORMAT = "dwarf-with-dsym";
				ENABLE_NS_ASSERTIONS = NO;
				ENABLE_STRICT_OBJC_MSGSEND = YES;
				GCC_C_LANGUAGE_STANDARD = gnu11;
				GCC_NO_COMMON_BLOCKS = YES;
				GCC_WARN_64_TO_32_BIT_CONVERSION = YES;
				GCC_WARN_ABOUT_RETURN_TYPE = YES_ERROR;
				GCC_WARN_UNDECLARED_SELECTOR = YES;
				GCC_WARN_UNINITIALIZED_AUTOS = YES_AGGRESSIVE;
				GCC_WARN_UNUSED_FUNCTION = YES;
				GCC_WARN_UNUSED_VARIABLE = YES;
				IPHONEOS_DEPLOYMENT_TARGET = 11.0;
				MTL_ENABLE_DEBUG_INFO = NO;
				SDKROOT = iphoneos;
				SWIFT_OPTIMIZATION_LEVEL = "-Owholemodule";
				VALIDATE_PRODUCT = YES;
			};
			name = Release;
		};
		5209DC3720C5235C00D6D257 /* Debug */ = {
			isa = XCBuildConfiguration;
			baseConfigurationReference = C0C12C975ADAF73924DEFE7D /* Pods-iOSSecondTask.debug.xcconfig */;
			buildSettings = {
				ASSETCATALOG_COMPILER_APPICON_NAME = AppIcon;
				CLANG_ENABLE_MODULES = YES;
				CODE_SIGN_STYLE = Automatic;
				DEVELOPMENT_TEAM = TFCN47U548;
				INFOPLIST_FILE = iOSSecondTask/Info.plist;
				LD_RUNPATH_SEARCH_PATHS = "$(inherited) @executable_path/Frameworks";
				PRODUCT_BUNDLE_IDENTIFIER = com.mmbook.iOSSecondTask;
				PRODUCT_NAME = "$(TARGET_NAME)";
				SWIFT_OBJC_BRIDGING_HEADER = "iOSSecondTask/iOSSecondTask-Bridging-Header.h";
				SWIFT_OPTIMIZATION_LEVEL = "-Onone";
				SWIFT_VERSION = 4.0;
				TARGETED_DEVICE_FAMILY = "1,2";
			};
			name = Debug;
		};
		5209DC3820C5235C00D6D257 /* Release */ = {
			isa = XCBuildConfiguration;
			baseConfigurationReference = 325D6D6C743DFB419EC6C191 /* Pods-iOSSecondTask.release.xcconfig */;
			buildSettings = {
				ASSETCATALOG_COMPILER_APPICON_NAME = AppIcon;
				CLANG_ENABLE_MODULES = YES;
				CODE_SIGN_STYLE = Automatic;
				DEVELOPMENT_TEAM = TFCN47U548;
				INFOPLIST_FILE = iOSSecondTask/Info.plist;
				LD_RUNPATH_SEARCH_PATHS = "$(inherited) @executable_path/Frameworks";
				PRODUCT_BUNDLE_IDENTIFIER = com.mmbook.iOSSecondTask;
				PRODUCT_NAME = "$(TARGET_NAME)";
				SWIFT_OBJC_BRIDGING_HEADER = "iOSSecondTask/iOSSecondTask-Bridging-Header.h";
				SWIFT_VERSION = 4.0;
				TARGETED_DEVICE_FAMILY = "1,2";
			};
			name = Release;
		};
/* End XCBuildConfiguration section */

/* Begin XCConfigurationList section */
		5209DC1F20C5235C00D6D257 /* Build configuration list for PBXProject "iOSSecondTask" */ = {
			isa = XCConfigurationList;
			buildConfigurations = (
				5209DC3420C5235C00D6D257 /* Debug */,
				5209DC3520C5235C00D6D257 /* Release */,
			);
			defaultConfigurationIsVisible = 0;
			defaultConfigurationName = Release;
		};
		5209DC3620C5235C00D6D257 /* Build configuration list for PBXNativeTarget "iOSSecondTask" */ = {
			isa = XCConfigurationList;
			buildConfigurations = (
				5209DC3720C5235C00D6D257 /* Debug */,
				5209DC3820C5235C00D6D257 /* Release */,
			);
			defaultConfigurationIsVisible = 0;
			defaultConfigurationName = Release;
		};
/* End XCConfigurationList section */
	};
	rootObject = 5209DC1C20C5235C00D6D257 /* Project object */;
}
